
Microsoft Visual Studio Solution File, Format Version 12.00
Project("{FAE04EC0-301F-11D3-BF4B-00C04F79EFBC}") = "ItemsControlStackOverflowReproduction", "ItemsControlStackOverflowReproduction\ItemsControlStackOverflowReproduction\ItemsControlStackOverflowReproduction.csproj", "{1A1A2355-882F-4477-885F-3A04EC2352BF}"
EndProject
Project("{FAE04EC0-301F-11D3-BF4B-00C04F79EFBC}") = "ItemsControlStackOverflowReproduction.Desktop", "ItemsControlStackOverflowReproduction\ItemsControlStackOverflowReproduction.Desktop\ItemsControlStackOverflowReproduction.Desktop.csproj", "{4F244FA4-D07E-4886-A7EB-057F879D103A}"
EndProject
Global
	GlobalSection(SolutionConfigurationPlatforms) = preSolution
		Debug|Any CPU = Debug|Any CPU
		Release|Any CPU = Release|Any CPU
	EndGlobalSection
	GlobalSection(ProjectConfigurationPlatforms) = postSolution
		{1A1A2355-882F-4477-885F-3A04EC2352BF}.Debug|Any CPU.ActiveCfg = Debug|Any CPU
		{1A1A2355-882F-4477-885F-3A04EC2352BF}.Debug|Any CPU.Build.0 = Debug|Any CPU
		{1A1A2355-882F-4477-885F-3A04EC2352BF}.Release|Any CPU.ActiveCfg = Release|Any CPU
		{1A1A2355-882F-4477-885F-3A04EC2352BF}.Release|Any CPU.Build.0 = Release|Any CPU
		{4F244FA4-D07E-4886-A7EB-057F879D103A}.Debug|Any CPU.ActiveCfg = Debug|Any CPU
		{4F244FA4-D07E-4886-A7EB-057F879D103A}.Debug|Any CPU.Build.0 = Debug|Any CPU
		{4F244FA4-D07E-4886-A7EB-057F879D103A}.Release|Any CPU.ActiveCfg = Release|Any CPU
		{4F244FA4-D07E-4886-A7EB-057F879D103A}.Release|Any CPU.Build.0 = Release|Any CPU
	EndGlobalSection
EndGlobal
